{
  "dependencies": {
    "phantomjs-wrapper": {
      "version": "0.0.11",
      "dependencies": {
        "phantomjs": {
          "version": "1.9.2-5",
          "dependencies": {
            "adm-zip": {
              "version": "0.2.1"
            },
            "kew": {
              "version": "0.1.7"
            },
            "ncp": {
              "version": "0.4.2"
            },
            "npmconf": {
              "version": "0.0.24",
              "dependencies": {
                "config-chain": {
                  "version": "1.1.10",
                  "dependencies": {
                    "proto-list": {
                      "version": "1.2.4"
                    },
                    "ini": {
                      "version": "1.3.4"
                    }
                  }
                },
                "inherits": {
                  "version": "1.0.2"
                },
                "once": {
                  "version": "1.1.1"
                },
                "osenv": {
                  "version": "0.0.3"
                },
                "nopt": {
                  "version": "2.2.1",
                  "dependencies": {
                    "abbrev": {
                      "version": "1.0.7"
                    }
                  }
                },
                "semver": {
                  "version": "1.1.4"
                },
                "ini": {
                  "version": "1.1.0"
                }
              }
            },
            "mkdirp": {
              "version": "0.3.5"
            },
            "rimraf": {
              "version": "2.2.8"
            },
            "which": {
              "version": "1.0.9"
            }
          }
        },
        "line-stream": {
          "version": "0.0.3",
          "dependencies": {
            "through": {
              "version": "2.3.8"
            }
          }
        },
        "coffee-script": {
          "version": "1.6.3"
        }
      }
    }
  }
}
